
Microsoft Visual Studio Solution File, Format Version 12.00
# Visual Studio Version 17
VisualStudioVersion = 17.10.35004.147
MinimumVisualStudioVersion = 10.0.40219.1
Project("{FAE04EC0-301F-11D3-BF4B-00C04F79EFBC}") = "Q_01", "Q_01\Q_01.csproj", "{A435D009-FDD8-4714-A616-9463AB4C8120}"
EndProject
Project("{FAE04EC0-301F-11D3-BF4B-00C04F79EFBC}") = "Q_02", "Q_02\Q_02.csproj", "{8AF26628-6A76-474B-9159-EADD3335FC46}"
EndProject
Project("{FAE04EC0-301F-11D3-BF4B-00C04F79EFBC}") = "Q_03", "Q_03\Q_03.csproj", "{084AA6F1-172A-4875-839D-1AB21FEB43F5}"
EndProject
Global
	GlobalSection(SolutionConfigurationPlatforms) = preSolution
		Debug|Any CPU = Debug|Any CPU
		Release|Any CPU = Release|Any CPU
	EndGlobalSection
	GlobalSection(ProjectConfigurationPlatforms) = postSolution
		{A435D009-FDD8-4714-A616-9463AB4C8120}.Debug|Any CPU.ActiveCfg = Debug|Any CPU
		{A435D009-FDD8-4714-A616-9463AB4C8120}.Debug|Any CPU.Build.0 = Debug|Any CPU
		{A435D009-FDD8-4714-A616-9463AB4C8120}.Release|Any CPU.ActiveCfg = Release|Any CPU
		{A435D009-FDD8-4714-A616-9463AB4C8120}.Release|Any CPU.Build.0 = Release|Any CPU
		{8AF26628-6A76-474B-9159-EADD3335FC46}.Debug|Any CPU.ActiveCfg = Debug|Any CPU
		{8AF26628-6A76-474B-9159-EADD3335FC46}.Debug|Any CPU.Build.0 = Debug|Any CPU
		{8AF26628-6A76-474B-9159-EADD3335FC46}.Release|Any CPU.ActiveCfg = Release|Any CPU
		{8AF26628-6A76-474B-9159-EADD3335FC46}.Release|Any CPU.Build.0 = Release|Any CPU
		{084AA6F1-172A-4875-839D-1AB21FEB43F5}.Debug|Any CPU.ActiveCfg = Debug|Any CPU
		{084AA6F1-172A-4875-839D-1AB21FEB43F5}.Debug|Any CPU.Build.0 = Debug|Any CPU
		{084AA6F1-172A-4875-839D-1AB21FEB43F5}.Release|Any CPU.ActiveCfg = Release|Any CPU
		{084AA6F1-172A-4875-839D-1AB21FEB43F5}.Release|Any CPU.Build.0 = Release|Any CPU
	EndGlobalSection
	GlobalSection(SolutionProperties) = preSolution
		HideSolutionNode = FALSE
	EndGlobalSection
	GlobalSection(ExtensibilityGlobals) = postSolution
		SolutionGuid = {8EA9CD7E-2E14-4FAA-A4E1-C9BA376C1D04}
	EndGlobalSection
EndGlobal
